{
  "version": 4,
  "terraform_version": "1.2.9",
  "serial": 15,
  "lineage": "0aba5531-686f-8b9a-865b-f0be782b9846",
  "outputs": {
    "tformdbox1-Public-IP": {
      "value": [
        "129.213.29.243"
      ],
      "type": [
        "tuple",
        [
          "string"
        ]
      ]
    },
    "tformdbox2-Public-IP": {
      "value": [
        "129.213.91.121"
      ],
      "type": [
        "tuple",
        [
          "string"
        ]
      ]
    }
  },
  "resources": [
    {
      "mode": "managed",
      "type": "oci_core_instance",
      "name": "tformdbox1",
      "provider": "provider[\"registry.terraform.io/hashicorp/oci\"]",
      "instances": [
        {
          "schema_version": 0,
          "attributes": {
            "agent_config": [
              {
                "are_all_plugins_disabled": false,
                "is_management_disabled": false,
                "is_monitoring_disabled": true,
                "plugins_config": []
              }
            ],
            "async": null,
            "availability_config": [
              {
                "is_live_migration_preferred": false,
                "recovery_action": "RESTORE_INSTANCE"
              }
            ],
            "availability_domain": "Pjgw:US-ASHBURN-AD-1",
            "boot_volume_id": "ocid1.bootvolume.oc1.iad.abuwcljrgwmzenztvkkboieabe2qeomfsxvfhhqvdlywc2coeld5lfnru76q",
            "capacity_reservation_id": null,
            "compartment_id": "ocid1.compartment.oc1..aaaaaaaakxdu2vzlmrkskgdyfissso45yjd5bfczu4krxc7rdcmc6gc4rvfa",
            "create_vnic_details": [
              {
                "assign_private_dns_record": false,
                "assign_public_ip": "true",
                "defined_tags": {
                  "Oracle-Tags.CreatedBy": "oracleidentitycloudservice/oci_terraform_worker",
                  "Oracle-Tags.CreatedOn": "2022-09-21T20:42:32.635Z"
                },
                "display_name": "Primary VNIC",
                "freeform_tags": {},
                "hostname_label": "tformdbox1",
                "nsg_ids": null,
                "private_ip": "172.16.37.162",
                "skip_source_dest_check": false,
                "subnet_id": "ocid1.subnet.oc1.iad.aaaaaaaaw4cimnazt76hxeikvetdckxbkr7jy63o5bvhnlm5rs4rfsasr5xq",
                "vlan_id": ""
              }
            ],
            "dedicated_vm_host_id": null,
            "defined_tags": {
              "Oracle-Tags.CreatedBy": "oracleidentitycloudservice/oci_terraform_worker",
              "Oracle-Tags.CreatedOn": "2022-09-21T20:42:32.065Z"
            },
            "display_name": "Terraform Demo Box",
            "extended_metadata": null,
            "fault_domain": "FAULT-DOMAIN-1",
            "freeform_tags": {},
            "hostname_label": "tformdbox1",
            "id": "ocid1.instance.oc1.iad.anuwcljrqs6u3racgnbm3cciwkt2qrtbw5dzhzafazbchxmhzwckvmgtvlaa",
            "image": "ocid1.image.oc1.iad.aaaaaaaakv7vhpdllpbotmmjvxus3j5nh6wt2n43ddcg3cl5fnq5p6kngkza",
            "instance_options": [
              {
                "are_legacy_imds_endpoints_disabled": false
              }
            ],
            "ipxe_script": null,
            "is_pv_encryption_in_transit_enabled": null,
            "launch_mode": "PARAVIRTUALIZED",
            "launch_options": [
              {
                "boot_volume_type": "PARAVIRTUALIZED",
                "firmware": "UEFI_64",
                "is_consistent_volume_naming_enabled": true,
                "is_pv_encryption_in_transit_enabled": false,
                "network_type": "PARAVIRTUALIZED",
                "remote_data_volume_type": "PARAVIRTUALIZED"
              }
            ],
            "metadata": null,
            "platform_config": [],
            "preemptible_instance_config": [],
            "preserve_boot_volume": null,
            "private_ip": "172.16.37.162",
            "public_ip": "129.213.29.243",
            "region": "iad",
            "shape": "VM.Standard1.1",
            "shape_config": [
              {
                "baseline_ocpu_utilization": "",
                "gpu_description": "",
                "gpus": 0,
                "local_disk_description": "",
                "local_disks": 0,
                "local_disks_total_size_in_gbs": 0,
                "max_vnic_attachments": 2,
                "memory_in_gbs": 7,
                "networking_bandwidth_in_gbps": 0.6000000238418579,
                "nvmes": 0,
                "ocpus": 1,
                "processor_description": "2.3 GHz Intel® Xeon® E5-2699 v3 (Haswell)"
              }
            ],
            "source_details": [
              {
                "boot_volume_size_in_gbs": "47",
                "boot_volume_vpus_per_gb": "10",
                "kms_key_id": "",
                "source_id": "ocid1.image.oc1.iad.aaaaaaaakv7vhpdllpbotmmjvxus3j5nh6wt2n43ddcg3cl5fnq5p6kngkza",
                "source_type": "image"
              }
            ],
            "state": "RUNNING",
            "subnet_id": "ocid1.subnet.oc1.iad.aaaaaaaaw4cimnazt76hxeikvetdckxbkr7jy63o5bvhnlm5rs4rfsasr5xq",
            "system_tags": {},
            "time_created": "2022-09-21 20:42:33.062 +0000 UTC",
            "time_maintenance_reboot_due": "",
            "timeouts": null
          },
          "sensitive_attributes": [],
          "private": "eyJlMmJmYjczMC1lY2FhLTExZTYtOGY4OC0zNDM2M2JjN2M0YzAiOnsiY3JlYXRlIjoyNzAwMDAwMDAwMDAwLCJkZWxldGUiOjQ1MDAwMDAwMDAwMDAsInVwZGF0ZSI6MjcwMDAwMDAwMDAwMH19",
          "dependencies": [
            "oci_core_subnet.demo-box"
          ]
        }
      ]
    },
    {
      "mode": "managed",
      "type": "oci_core_instance",
      "name": "tformdbox2",
      "provider": "provider[\"registry.terraform.io/hashicorp/oci\"]",
      "instances": [
        {
          "schema_version": 0,
          "attributes": {
            "agent_config": [
              {
                "are_all_plugins_disabled": false,
                "is_management_disabled": false,
                "is_monitoring_disabled": true,
                "plugins_config": []
              }
            ],
            "async": null,
            "availability_config": [
              {
                "is_live_migration_preferred": false,
                "recovery_action": "RESTORE_INSTANCE"
              }
            ],
            "availability_domain": "Pjgw:US-ASHBURN-AD-1",
            "boot_volume_id": "ocid1.bootvolume.oc1.iad.abuwcljrm3xi3s3347soqpagpbm2exky7xep3vbnesoeduqaej37vnhixnzq",
            "capacity_reservation_id": null,
            "compartment_id": "ocid1.compartment.oc1..aaaaaaaakxdu2vzlmrkskgdyfissso45yjd5bfczu4krxc7rdcmc6gc4rvfa",
            "create_vnic_details": [
              {
                "assign_private_dns_record": false,
                "assign_public_ip": "true",
                "defined_tags": {
                  "Oracle-Tags.CreatedBy": "oracleidentitycloudservice/oci_terraform_worker",
                  "Oracle-Tags.CreatedOn": "2022-09-21T20:42:32.635Z"
                },
                "display_name": "Primary VNIC",
                "freeform_tags": {},
                "hostname_label": "tformdbox2",
                "nsg_ids": null,
                "private_ip": "172.16.177.212",
                "skip_source_dest_check": false,
                "subnet_id": "ocid1.subnet.oc1.iad.aaaaaaaaw4cimnazt76hxeikvetdckxbkr7jy63o5bvhnlm5rs4rfsasr5xq",
                "vlan_id": ""
              }
            ],
            "dedicated_vm_host_id": null,
            "defined_tags": {
              "Oracle-Tags.CreatedBy": "oracleidentitycloudservice/oci_terraform_worker",
              "Oracle-Tags.CreatedOn": "2022-09-21T20:42:32.065Z"
            },
            "display_name": "Terraform Demo Box 2",
            "extended_metadata": null,
            "fault_domain": "FAULT-DOMAIN-1",
            "freeform_tags": {},
            "hostname_label": "tformdbox2",
            "id": "ocid1.instance.oc1.iad.anuwcljrqs6u3racqavovls4grcroh4q4lw64x2co7pvhuijvsxvqbezwr5a",
            "image": "ocid1.image.oc1.iad.aaaaaaaakv7vhpdllpbotmmjvxus3j5nh6wt2n43ddcg3cl5fnq5p6kngkza",
            "instance_options": [
              {
                "are_legacy_imds_endpoints_disabled": false
              }
            ],
            "ipxe_script": null,
            "is_pv_encryption_in_transit_enabled": null,
            "launch_mode": "PARAVIRTUALIZED",
            "launch_options": [
              {
                "boot_volume_type": "PARAVIRTUALIZED",
                "firmware": "UEFI_64",
                "is_consistent_volume_naming_enabled": true,
                "is_pv_encryption_in_transit_enabled": false,
                "network_type": "PARAVIRTUALIZED",
                "remote_data_volume_type": "PARAVIRTUALIZED"
              }
            ],
            "metadata": null,
            "platform_config": [],
            "preemptible_instance_config": [],
            "preserve_boot_volume": null,
            "private_ip": "172.16.177.212",
            "public_ip": "129.213.91.121",
            "region": "iad",
            "shape": "VM.Standard1.1",
            "shape_config": [
              {
                "baseline_ocpu_utilization": "",
                "gpu_description": "",
                "gpus": 0,
                "local_disk_description": "",
                "local_disks": 0,
                "local_disks_total_size_in_gbs": 0,
                "max_vnic_attachments": 2,
                "memory_in_gbs": 7,
                "networking_bandwidth_in_gbps": 0.6000000238418579,
                "nvmes": 0,
                "ocpus": 1,
                "processor_description": "2.3 GHz Intel® Xeon® E5-2699 v3 (Haswell)"
              }
            ],
            "source_details": [
              {
                "boot_volume_size_in_gbs": "47",
                "boot_volume_vpus_per_gb": "10",
                "kms_key_id": "",
                "source_id": "ocid1.image.oc1.iad.aaaaaaaakv7vhpdllpbotmmjvxus3j5nh6wt2n43ddcg3cl5fnq5p6kngkza",
                "source_type": "image"
              }
            ],
            "state": "RUNNING",
            "subnet_id": "ocid1.subnet.oc1.iad.aaaaaaaaw4cimnazt76hxeikvetdckxbkr7jy63o5bvhnlm5rs4rfsasr5xq",
            "system_tags": {},
            "time_created": "2022-09-21 20:42:32.995 +0000 UTC",
            "time_maintenance_reboot_due": "",
            "timeouts": null
          },
          "sensitive_attributes": [],
          "private": "eyJlMmJmYjczMC1lY2FhLTExZTYtOGY4OC0zNDM2M2JjN2M0YzAiOnsiY3JlYXRlIjoyNzAwMDAwMDAwMDAwLCJkZWxldGUiOjQ1MDAwMDAwMDAwMDAsInVwZGF0ZSI6MjcwMDAwMDAwMDAwMH19",
          "dependencies": [
            "oci_core_subnet.demo-box"
          ]
        }
      ]
    },
    {
      "mode": "managed",
      "type": "oci_core_internet_gateway",
      "name": "demo-box",
      "provider": "provider[\"registry.terraform.io/hashicorp/oci\"]",
      "instances": [
        {
          "schema_version": 0,
          "attributes": {
            "compartment_id": "ocid1.compartment.oc1..aaaaaaaakxdu2vzlmrkskgdyfissso45yjd5bfczu4krxc7rdcmc6gc4rvfa",
            "defined_tags": {
              "Oracle-Tags.CreatedBy": "oracleidentitycloudservice/oci_terraform_worker",
              "Oracle-Tags.CreatedOn": "2022-09-21T19:56:33.641Z"
            },
            "display_name": "Demo Box",
            "enabled": true,
            "freeform_tags": {},
            "id": "ocid1.internetgateway.oc1.iad.aaaaaaaaybe7ejgvdygbzfntk2742w4m6pbjn5pd34cp3madvvtewkutsnpq",
            "route_table_id": null,
            "state": "AVAILABLE",
            "time_created": "2022-09-21 19:56:33.695 +0000 UTC",
            "timeouts": null,
            "vcn_id": "ocid1.vcn.oc1.iad.amaaaaaaqs6u3raapedul2fxtdj6dibbn6y6jshkvchgvhljjsza6gegxp2a"
          },
          "sensitive_attributes": [],
          "private": "eyJlMmJmYjczMC1lY2FhLTExZTYtOGY4OC0zNDM2M2JjN2M0YzAiOnsiY3JlYXRlIjoxMjAwMDAwMDAwMDAwLCJkZWxldGUiOjEyMDAwMDAwMDAwMDAsInVwZGF0ZSI6MTIwMDAwMDAwMDAwMH19",
          "dependencies": [
            "oci_core_vcn.demo-box"
          ]
        }
      ]
    },
    {
      "mode": "managed",
      "type": "oci_core_route_table",
      "name": "demo-box",
      "provider": "provider[\"registry.terraform.io/hashicorp/oci\"]",
      "instances": [
        {
          "schema_version": 0,
          "attributes": {
            "compartment_id": "ocid1.compartment.oc1..aaaaaaaakxdu2vzlmrkskgdyfissso45yjd5bfczu4krxc7rdcmc6gc4rvfa",
            "defined_tags": {
              "Oracle-Tags.CreatedBy": "oracleidentitycloudservice/oci_terraform_worker",
              "Oracle-Tags.CreatedOn": "2022-09-21T19:56:34.759Z"
            },
            "display_name": "Demo Box",
            "freeform_tags": {},
            "id": "ocid1.routetable.oc1.iad.aaaaaaaaszmi5f4o6v4vfq3g4d4hvkbwcsp4ryfustft7a7brpb5jrwimhma",
            "route_rules": [
              {
                "cidr_block": "",
                "description": "",
                "destination": "0.0.0.0/0",
                "destination_type": "CIDR_BLOCK",
                "network_entity_id": "ocid1.internetgateway.oc1.iad.aaaaaaaaybe7ejgvdygbzfntk2742w4m6pbjn5pd34cp3madvvtewkutsnpq",
                "route_type": ""
              }
            ],
            "state": "AVAILABLE",
            "time_created": "2022-09-21 19:56:34.795 +0000 UTC",
            "timeouts": null,
            "vcn_id": "ocid1.vcn.oc1.iad.amaaaaaaqs6u3raapedul2fxtdj6dibbn6y6jshkvchgvhljjsza6gegxp2a"
          },
          "sensitive_attributes": [],
          "private": "eyJlMmJmYjczMC1lY2FhLTExZTYtOGY4OC0zNDM2M2JjN2M0YzAiOnsiY3JlYXRlIjoxMjAwMDAwMDAwMDAwLCJkZWxldGUiOjEyMDAwMDAwMDAwMDAsInVwZGF0ZSI6MTIwMDAwMDAwMDAwMH19",
          "dependencies": [
            "oci_core_internet_gateway.demo-box",
            "oci_core_vcn.demo-box"
          ]
        }
      ]
    },
    {
      "mode": "managed",
      "type": "oci_core_security_list",
      "name": "demo-box-incoming",
      "provider": "provider[\"registry.terraform.io/hashicorp/oci\"]",
      "instances": [
        {
          "schema_version": 0,
          "attributes": {
            "compartment_id": "ocid1.compartment.oc1..aaaaaaaakxdu2vzlmrkskgdyfissso45yjd5bfczu4krxc7rdcmc6gc4rvfa",
            "defined_tags": {
              "Oracle-Tags.CreatedBy": "oracleidentitycloudservice/oci_terraform_worker",
              "Oracle-Tags.CreatedOn": "2022-09-21T19:56:33.748Z"
            },
            "display_name": "Incoming traffic for Demo Box",
            "egress_security_rules": [
              {
                "description": "",
                "destination": "0.0.0.0/0",
                "destination_type": "CIDR_BLOCK",
                "icmp_options": [],
                "protocol": "all",
                "stateless": false,
                "tcp_options": [],
                "udp_options": []
              }
            ],
            "freeform_tags": {},
            "id": "ocid1.securitylist.oc1.iad.aaaaaaaasecvtnmsvhx2uaug6phzjxfs6ogucoocxxgkvt4eb4hthctiy2oq",
            "ingress_security_rules": [
              {
                "description": "",
                "icmp_options": [
                  {
                    "code": -1,
                    "type": 0
                  }
                ],
                "protocol": "1",
                "source": "0.0.0.0/0",
                "source_type": "CIDR_BLOCK",
                "stateless": false,
                "tcp_options": [],
                "udp_options": []
              },
              {
                "description": "",
                "icmp_options": [
                  {
                    "code": -1,
                    "type": 8
                  }
                ],
                "protocol": "1",
                "source": "0.0.0.0/0",
                "source_type": "CIDR_BLOCK",
                "stateless": false,
                "tcp_options": [],
                "udp_options": []
              },
              {
                "description": "",
                "icmp_options": [
                  {
                    "code": 4,
                    "type": 3
                  }
                ],
                "protocol": "1",
                "source": "0.0.0.0/0",
                "source_type": "CIDR_BLOCK",
                "stateless": false,
                "tcp_options": [],
                "udp_options": []
              },
              {
                "description": "",
                "icmp_options": [],
                "protocol": "6",
                "source": "0.0.0.0/0",
                "source_type": "CIDR_BLOCK",
                "stateless": false,
                "tcp_options": [
                  {
                    "max": 22,
                    "min": 22,
                    "source_port_range": []
                  }
                ],
                "udp_options": []
              }
            ],
            "state": "AVAILABLE",
            "time_created": "2022-09-21 19:56:33.79 +0000 UTC",
            "timeouts": null,
            "vcn_id": "ocid1.vcn.oc1.iad.amaaaaaaqs6u3raapedul2fxtdj6dibbn6y6jshkvchgvhljjsza6gegxp2a"
          },
          "sensitive_attributes": [],
          "private": "eyJlMmJmYjczMC1lY2FhLTExZTYtOGY4OC0zNDM2M2JjN2M0YzAiOnsiY3JlYXRlIjoxMjAwMDAwMDAwMDAwLCJkZWxldGUiOjEyMDAwMDAwMDAwMDAsInVwZGF0ZSI6MTIwMDAwMDAwMDAwMH19",
          "dependencies": [
            "oci_core_vcn.demo-box"
          ]
        }
      ]
    },
    {
      "mode": "managed",
      "type": "oci_core_subnet",
      "name": "demo-box",
      "provider": "provider[\"registry.terraform.io/hashicorp/oci\"]",
      "instances": [
        {
          "schema_version": 0,
          "attributes": {
            "availability_domain": null,
            "cidr_block": "172.16.0.0/16",
            "compartment_id": "ocid1.compartment.oc1..aaaaaaaakxdu2vzlmrkskgdyfissso45yjd5bfczu4krxc7rdcmc6gc4rvfa",
            "defined_tags": {
              "Oracle-Tags.CreatedBy": "oracleidentitycloudservice/oci_terraform_worker",
              "Oracle-Tags.CreatedOn": "2022-09-21T19:56:35.545Z"
            },
            "dhcp_options_id": "ocid1.dhcpoptions.oc1.iad.aaaaaaaay6rmebrs2mfjd62kyuedhztk47dt6ht34lnqa7gq6wdtnyt54txq",
            "display_name": "Demo Box",
            "dns_label": "demo",
            "freeform_tags": {},
            "id": "ocid1.subnet.oc1.iad.aaaaaaaaw4cimnazt76hxeikvetdckxbkr7jy63o5bvhnlm5rs4rfsasr5xq",
            "ipv6cidr_block": null,
            "ipv6cidr_blocks": [],
            "ipv6virtual_router_ip": null,
            "prohibit_internet_ingress": false,
            "prohibit_public_ip_on_vnic": false,
            "route_table_id": "ocid1.routetable.oc1.iad.aaaaaaaaszmi5f4o6v4vfq3g4d4hvkbwcsp4ryfustft7a7brpb5jrwimhma",
            "security_list_ids": [
              "ocid1.securitylist.oc1.iad.aaaaaaaasecvtnmsvhx2uaug6phzjxfs6ogucoocxxgkvt4eb4hthctiy2oq"
            ],
            "state": "AVAILABLE",
            "subnet_domain_name": "demo.demo.oraclevcn.com",
            "time_created": "2022-09-21 19:56:35.664 +0000 UTC",
            "timeouts": null,
            "vcn_id": "ocid1.vcn.oc1.iad.amaaaaaaqs6u3raapedul2fxtdj6dibbn6y6jshkvchgvhljjsza6gegxp2a",
            "virtual_router_ip": "172.16.0.1",
            "virtual_router_mac": "00:00:17:E4:AF:7E"
          },
          "sensitive_attributes": [],
          "private": "eyJlMmJmYjczMC1lY2FhLTExZTYtOGY4OC0zNDM2M2JjN2M0YzAiOnsiY3JlYXRlIjoxMjAwMDAwMDAwMDAwLCJkZWxldGUiOjEyMDAwMDAwMDAwMDAsInVwZGF0ZSI6MTIwMDAwMDAwMDAwMH19",
          "dependencies": [
            "oci_core_internet_gateway.demo-box",
            "oci_core_route_table.demo-box",
            "oci_core_security_list.demo-box-incoming",
            "oci_core_vcn.demo-box"
          ]
        }
      ]
    },
    {
      "mode": "managed",
      "type": "oci_core_vcn",
      "name": "demo-box",
      "provider": "provider[\"registry.terraform.io/hashicorp/oci\"]",
      "instances": [
        {
          "schema_version": 0,
          "attributes": {
            "byoipv6cidr_blocks": [],
            "byoipv6cidr_details": [],
            "cidr_block": "172.16.0.0/16",
            "cidr_blocks": [
              "172.16.0.0/16"
            ],
            "compartment_id": "ocid1.compartment.oc1..aaaaaaaakxdu2vzlmrkskgdyfissso45yjd5bfczu4krxc7rdcmc6gc4rvfa",
            "default_dhcp_options_id": "ocid1.dhcpoptions.oc1.iad.aaaaaaaay6rmebrs2mfjd62kyuedhztk47dt6ht34lnqa7gq6wdtnyt54txq",
            "default_route_table_id": "ocid1.routetable.oc1.iad.aaaaaaaaokeo5oc7sih7kuj64eto3rl5mi7qwiogu2eodvxbt6gxqzzabzka",
            "default_security_list_id": "ocid1.securitylist.oc1.iad.aaaaaaaasevcsx6kjjvgjsoawsetqqkpae7mtwungoqzws365sep7h7jj2iq",
            "defined_tags": {
              "Oracle-Tags.CreatedBy": "oracleidentitycloudservice/oci_terraform_worker",
              "Oracle-Tags.CreatedOn": "2022-09-21T19:56:32.152Z"
            },
            "display_name": "Demo Box",
            "dns_label": "demo",
            "freeform_tags": {},
            "id": "ocid1.vcn.oc1.iad.amaaaaaaqs6u3raapedul2fxtdj6dibbn6y6jshkvchgvhljjsza6gegxp2a",
            "ipv6cidr_blocks": [],
            "ipv6private_cidr_blocks": [],
            "is_ipv6enabled": false,
            "is_oracle_gua_allocation_enabled": null,
            "state": "AVAILABLE",
            "time_created": "2022-09-21 19:56:32.301 +0000 UTC",
            "timeouts": null,
            "vcn_domain_name": "demo.oraclevcn.com"
          },
          "sensitive_attributes": [],
          "private": "eyJlMmJmYjczMC1lY2FhLTExZTYtOGY4OC0zNDM2M2JjN2M0YzAiOnsiY3JlYXRlIjoxMjAwMDAwMDAwMDAwLCJkZWxldGUiOjEyMDAwMDAwMDAwMDAsInVwZGF0ZSI6MTIwMDAwMDAwMDAwMH19"
        }
      ]
    }
  ]
}
